// !$*UTF8*$!
{
	archiveVersion = 1;
	classes = {
	};
	objectVersion = 46;
	objects = {

/* Begin PBXBuildFile section */
		470C0E591BA89E150024E29D /* EYMaskedTextField.m in Sources */ = {isa = PBXBuildFile; fileRef = 470C0E581BA89E150024E29D /* EYMaskedTextField.m */; };
		4725E7E11BA89B07007127E7 /* main.m in Sources */ = {isa = PBXBuildFile; fileRef = 4725E7E01BA89B07007127E7 /* main.m */; };
		4725E7E41BA89B07007127E7 /* AppDelegate.m in Sources */ = {isa = PBXBuildFile; fileRef = 4725E7E31BA89B07007127E7 /* AppDelegate.m */; };
		4725E7E71BA89B07007127E7 /* ViewController.m in Sources */ = {isa = PBXBuildFile; fileRef = 4725E7E61BA89B07007127E7 /* ViewController.m */; };
		4725E7EA1BA89B07007127E7 /* Main.storyboard in Resources */ = {isa = PBXBuildFile; fileRef = 4725E7E81BA89B07007127E7 /* Main.storyboard */; };
		4725E7EC1BA89B07007127E7 /* Images.xcassets in Resources */ = {isa = PBXBuildFile; fileRef = 4725E7EB1BA89B07007127E7 /* Images.xcassets */; };
		4725E7EF1BA89B07007127E7 /* LaunchScreen.xib in Resources */ = {isa = PBXBuildFile; fileRef = 4725E7ED1BA89B07007127E7 /* LaunchScreen.xib */; };
		4725E7FB1BA89B07007127E7 /* ExampleTests.m in Sources */ = {isa = PBXBuildFile; fileRef = 4725E7FA1BA89B07007127E7 /* ExampleTests.m */; };
/* End PBXBuildFile section */

/* Begin PBXContainerItemProxy section */
		4725E7F51BA89B07007127E7 /* PBXContainerItemProxy */ = {
			isa = PBXContainerItemProxy;
			containerPortal = 4725E7D31BA89B07007127E7 /* Project object */;
			proxyType = 1;
			remoteGlobalIDString = 4725E7DA1BA89B07007127E7;
			remoteInfo = Example;
		};
/* End PBXContainerItemProxy section */

/* Begin PBXFileReference section */
		470C0E571BA89E150024E29D /* EYMaskedTextField.h */ = {isa = PBXFileReference; fileEncoding = 4; lastKnownFileType = sourcecode.c.h; path = EYMaskedTextField.h; sourceTree = "<group>"; };
		470C0E581BA89E150024E29D /* EYMaskedTextField.m */ = {isa = PBXFileReference; fileEncoding = 4; lastKnownFileType = sourcecode.c.objc; path = EYMaskedTextField.m; sourceTree = "<group>"; };
		4725E7DB1BA89B07007127E7 /* Example.app */ = {isa = PBXFileReference; explicitFileType = wrapper.application; includeInIndex = 0; path = Example.app; sourceTree = BUILT_PRODUCTS_DIR; };
		4725E7DF1BA89B07007127E7 /* Info.plist */ = {isa = PBXFileReference; lastKnownFileType = text.plist.xml; path = Info.plist; sourceTree = "<group>"; };
		4725E7E01BA89B07007127E7 /* main.m */ = {isa = PBXFileReference; lastKnownFileType = sourcecode.c.objc; path = main.m; sourceTree = "<group>"; };
		4725E7E21BA89B07007127E7 /* AppDelegate.h */ = {isa = PBXFileReference; lastKnownFileType = sourcecode.c.h; path = AppDelegate.h; sourceTree = "<group>"; };
		4725E7E31BA89B07007127E7 /* AppDelegate.m */ = {isa = PBXFileReference; lastKnownFileType = sourcecode.c.objc; path = AppDelegate.m; sourceTree = "<group>"; };
		4725E7E51BA89B07007127E7 /* ViewController.h */ = {isa = PBXFileReference; lastKnownFileType = sourcecode.c.h; path = ViewController.h; sourceTree = "<group>"; };
		4725E7E61BA89B07007127E7 /* ViewController.m */ = {isa = PBXFileReference; lastKnownFileType = sourcecode.c.objc; path = ViewController.m; sourceTree = "<group>"; };
		4725E7E91BA89B07007127E7 /* Base */ = {isa = PBXFileReference; lastKnownFileType = file.storyboard; name = Base; path = Base.lproj/Main.storyboard; sourceTree = "<group>"; };
		4725E7EB1BA89B07007127E7 /* Images.xcassets */ = {isa = PBXFileReference; lastKnownFileType = folder.assetcatalog; path = Images.xcassets; sourceTree = "<group>"; };
		4725E7EE1BA89B07007127E7 /* Base */ = {isa = PBXFileReference; lastKnownFileType = file.xib; name = Base; path = Base.lproj/LaunchScreen.xib; sourceTree = "<group>"; };
		4725E7F41BA89B07007127E7 /* ExampleTests.xctest */ = {isa = PBXFileReference; explicitFileType = wrapper.cfbundle; includeInIndex = 0; path = ExampleTests.xctest; sourceTree = BUILT_PRODUCTS_DIR; };
		4725E7F91BA89B07007127E7 /* Info.plist */ = {isa = PBXFileReference; lastKnownFileType = text.plist.xml; path = Info.plist; sourceTree = "<group>"; };
		4725E7FA1BA89B07007127E7 /* ExampleTests.m */ = {isa = PBXFileReference; lastKnownFileType = sourcecode.c.objc; path = ExampleTests.m; sourceTree = "<group>"; };
/* End PBXFileReference section */

/* Begin PBXFrameworksBuildPhase section */
		4725E7D81BA89B07007127E7 /* Frameworks */ = {
			isa = PBXFrameworksBuildPhase;
			buildActionMask = 2147483647;
			files = (
			);
			runOnlyForDeploymentPostprocessing = 0;
		};
		4725E7F11BA89B07007127E7 /* Frameworks */ = {
			isa = PBXFrameworksBuildPhase;
			buildActionMask = 2147483647;
			files = (
			);
			runOnlyForDeploymentPostprocessing = 0;
		};
/* End PBXFrameworksBuildPhase section */

/* Begin PBXGroup section */
		470C0E561BA89E150024E29D /* EYMaskedTextField */ = {
			isa = PBXGroup;
			children = (
				470C0E571BA89E150024E29D /* EYMaskedTextField.h */,
				470C0E581BA89E150024E29D /* EYMaskedTextField.m */,
			);
			name = EYMaskedTextField;
			path = ../../EYMaskedTextField;
			sourceTree = "<group>";
		};
		4725E7D21BA89B07007127E7 = {
			isa = PBXGroup;
			children = (
				4725E7DD1BA89B07007127E7 /* Example */,
				4725E7F71BA89B07007127E7 /* ExampleTests */,
				4725E7DC1BA89B07007127E7 /* Products */,
			);
			sourceTree = "<group>";
		};
		4725E7DC1BA89B07007127E7 /* Products */ = {
			isa = PBXGroup;
			children = (
				4725E7DB1BA89B07007127E7 /* Example.app */,
				4725E7F41BA89B07007127E7 /* ExampleTests.xctest */,
			);
			name = Products;
			sourceTree = "<group>";
		};
		4725E7DD1BA89B07007127E7 /* Example */ = {
			isa = PBXGroup;
			children = (
				470C0E561BA89E150024E29D /* EYMaskedTextField */,
				4725E7E21BA89B07007127E7 /* AppDelegate.h */,
				4725E7E31BA89B07007127E7 /* AppDelegate.m */,
				4725E7E51BA89B07007127E7 /* ViewController.h */,
				4725E7E61BA89B07007127E7 /* ViewController.m */,
				4725E7E81BA89B07007127E7 /* Main.storyboard */,
				4725E7EB1BA89B07007127E7 /* Images.xcassets */,
				4725E7ED1BA89B07007127E7 /* LaunchScreen.xib */,
				4725E7DE1BA89B07007127E7 /* Supporting Files */,
			);
			path = Example;
			sourceTree = "<group>";
		};
		4725E7DE1BA89B07007127E7 /* Supporting Files */ = {
			isa = PBXGroup;
			children = (
				4725E7DF1BA89B07007127E7 /* Info.plist */,
				4725E7E01BA89B07007127E7 /* main.m */,
			);
			name = "Supporting Files";
			sourceTree = "<group>";
		};
		4725E7F71BA89B07007127E7 /* ExampleTests */ = {
			isa = PBXGroup;
			children = (
				4725E7FA1BA89B07007127E7 /* ExampleTests.m */,
				4725E7F81BA89B07007127E7 /* Supporting Files */,
			);
			path = ExampleTests;
			sourceTree = "<group>";
		};
		4725E7F81BA89B07007127E7 /* Supporting Files */ = {
			isa = PBXGroup;
			children = (
				4725E7F91BA89B07007127E7 /* Info.plist */,
			);
			name = "Supporting Files";
			sourceTree = "<group>";
		};
/* End PBXGroup section */

/* Begin PBXNativeTarget section */
		4725E7DA1BA89B07007127E7 /* Example */ = {
			isa = PBXNativeTarget;
			buildConfigurationList = 4725E7FE1BA89B07007127E7 /* Build configuration list for PBXNativeTarget "Example" */;
			buildPhases = (
				4725E7D71BA89B07007127E7 /* Sources */,
				4725E7D81BA89B07007127E7 /* Frameworks */,
				4725E7D91BA89B07007127E7 /* Resources */,
			);
			buildRules = (
			);
			dependencies = (
			);
			name = Example;
			productName = Example;
			productReference = 4725E7DB1BA89B07007127E7 /* Example.app */;
			productType = "com.apple.product-type.application";
		};
		4725E7F31BA89B07007127E7 /* ExampleTests */ = {
			isa = PBXNativeTarget;
			buildConfigurationList = 4725E8011BA89B07007127E7 /* Build configuration list for PBXNativeTarget "ExampleTests" */;
			buildPhases = (
				4725E7F01BA89B07007127E7 /* Sources */,
				4725E7F11BA89B07007127E7 /* Frameworks */,
				4725E7F21BA89B07007127E7 /* Resources */,
			);
			buildRules = (
			);
			dependencies = (
				4725E7F61BA89B07007127E7 /* PBXTargetDependency */,
			);
			name = ExampleTests;
			productName = ExampleTests;
			productReference = 4725E7F41BA89B07007127E7 /* ExampleTests.xctest */;
			productType = "com.apple.product-type.bundle.unit-test";
		};
/* End PBXNativeTarget section */

/* Begin PBXProject section */
		4725E7D31BA89B07007127E7 /* Project object */ = {
			isa = PBXProject;
			attributes = {
				LastUpgradeCheck = 0640;
				TargetAttributes = {
					4725E7DA1BA89B07007127E7 = {
						CreatedOnToolsVersion = 6.4;
					};
					4725E7F31BA89B07007127E7 = {
						CreatedOnToolsVersion = 6.4;
						TestTargetID = 4725E7DA1BA89B07007127E7;
					};
				};
			};
			buildConfigurationList = 4725E7D61BA89B07007127E7 /* Build configuration list for PBXProject "Example" */;
			compatibilityVersion = "Xcode 3.2";
			developmentRegion = English;
			hasScannedForEncodings = 0;
			knownRegions = (
				en,
				Base,
			);
			mainGroup = 4725E7D21BA89B07007127E7;
			productRefGroup = 4725E7DC1BA89B07007127E7 /* Products */;
			projectDirPath = "";
			projectRoot = "";
			targets = (
				4725E7DA1BA89B07007127E7 /* Example */,
				4725E7F31BA89B07007127E7 /* ExampleTests */,
			);
		};
/* End PBXProject section */

/* Begin PBXResourcesBuildPhase section */
		4725E7D91BA89B07007127E7 /* Resources */ = {
			isa = PBXResourcesBuildPhase;
			buildActionMask = 2147483647;
			files = (
				4725E7EA1BA89B07007127E7 /* Main.storyboard in Resources */,
				4725E7EF1BA89B07007127E7 /* LaunchScreen.xib in Resources */,
				4725E7EC1BA89B07007127E7 /* Images.xcassets in Resources */,
			);
			runOnlyForDeploymentPostprocessing = 0;
		};
		4725E7F21BA89B07007127E7 /* Resources */ = {
			isa = PBXResourcesBuildPhase;
			buildActionMask = 2147483647;
			files = (
			);
			runOnlyForDeploymentPostprocessing = 0;
		};
/* End PBXResourcesBuildPhase section */

/* Begin PBXSourcesBuildPhase section */
		4725E7D71BA89B07007127E7 /* Sources */ = {
			isa = PBXSourcesBuildPhase;
			buildActionMask = 2147483647;
			files = (
				4725E7E71BA89B07007127E7 /* ViewController.m in Sources */,
				4725E7E41BA89B07007127E7 /* AppDelegate.m in Sources */,
				470C0E591BA89E150024E29D /* EYMaskedTextField.m in Sources */,
				4725E7E11BA89B07007127E7 /* main.m in Sources */,
			);
			runOnlyForDeploymentPostprocessing = 0;
		};
		4725E7F01BA89B07007127E7 /* Sources */ = {
			isa = PBXSourcesBuildPhase;
			buildActionMask = 2147483647;
			files = (
				4725E7FB1BA89B07007127E7 /* ExampleTests.m in Sources */,
			);
			runOnlyForDeploymentPostprocessing = 0;
		};
/* End PBXSourcesBuildPhase section */

/* Begin PBXTargetDependency section */
		4725E7F61BA89B07007127E7 /* PBXTargetDependency */ = {
			isa = PBXTargetDependency;
			target = 4725E7DA1BA89B07007127E7 /* Example */;
			targetProxy = 4725E7F51BA89B07007127E7 /* PBXContainerItemProxy */;
		};
/* End PBXTargetDependency section */

/* Begin PBXVariantGroup section */
		4725E7E81BA89B07007127E7 /* Main.storyboard */ = {
			isa = PBXVariantGroup;
			children = (
				4725E7E91BA89B07007127E7 /* Base */,
			);
			name = Main.storyboard;
			sourceTree = "<group>";
		};
		4725E7ED1BA89B07007127E7 /* LaunchScreen.xib */ = {
			isa = PBXVariantGroup;
			children = (
				4725E7EE1BA89B07007127E7 /* Base */,
			);
			name = LaunchScreen.xib;
			sourceTree = "<group>";
		};
/* End PBXVariantGroup section */

/* Begin XCBuildConfiguration section */
		4725E7FC1BA89B07007127E7 /* Debug */ = {
			isa = XCBuildConfiguration;
			buildSettings = {
				ALWAYS_SEARCH_USER_PATHS = NO;
				CLANG_CXX_LANGUAGE_STANDARD = "gnu++0x";
				CLANG_CXX_LIBRARY = "libc++";
				CLANG_ENABLE_MODULES = YES;
				CLANG_ENABLE_OBJC_ARC = YES;
				CLANG_WARN_BOOL_CONVERSION = YES;
				CLANG_WARN_CONSTANT_CONVERSION = YES;
				CLANG_WARN_DIRECT_OBJC_ISA_USAGE = YES_ERROR;
				CLANG_WARN_EMPTY_BODY = YES;
				CLANG_WARN_ENUM_CONVERSION = YES;
				CLANG_WARN_INT_CONVERSION = YES;
				CLANG_WARN_OBJC_ROOT_CLASS = YES_ERROR;
				CLANG_WARN_UNREACHABLE_CODE = YES;
				CLANG_WARN__DUPLICATE_METHOD_MATCH = YES;
				"CODE_SIGN_IDENTITY[sdk=iphoneos*]" = "iPhone Developer";
				COPY_PHASE_STRIP = NO;
				DEBUG_INFORMATION_FORMAT = "dwarf-with-dsym";
				ENABLE_STRICT_OBJC_MSGSEND = YES;
				GCC_C_LANGUAGE_STANDARD = gnu99;
				GCC_DYNAMIC_NO_PIC = NO;
				GCC_NO_COMMON_BLOCKS = YES;
				GCC_OPTIMIZATION_LEVEL = 0;
				GCC_PREPROCESSOR_DEFINITIONS = (
					"DEBUG=1",
					"$(inherited)",
				);
				GCC_SYMBOLS_PRIVATE_EXTERN = NO;
				GCC_WARN_64_TO_32_BIT_CONVERSION = YES;
				GCC_WARN_ABOUT_RETURN_TYPE = YES_ERROR;
				GCC_WARN_UNDECLARED_SELECTOR = YES;
				GCC_WARN_UNINITIALIZED_AUTOS = YES_AGGRESSIVE;
				GCC_WARN_UNUSED_FUNCTION = YES;
				GCC_WARN_UNUSED_VARIABLE = YES;
				IPHONEOS_DEPLOYMENT_TARGET = 8.4;
				MTL_ENABLE_DEBUG_INFO = YES;
				ONLY_ACTIVE_ARCH = YES;
				SDKROOT = iphoneos;
			};
			name = Debug;
		};
		4725E7FD1BA89B07007127E7 /* Release */ = {
			isa = XCBuildConfiguration;
			buildSettings = {
				ALWAYS_SEARCH_USER_PATHS = NO;
				CLANG_CXX_LANGUAGE_STANDARD = "gnu++0x";
				CLANG_CXX_LIBRARY = "libc++";
				CLANG_ENABLE_MODULES = YES;
				CLANG_ENABLE_OBJC_ARC = YES;
				CLANG_WARN_BOOL_CONVERSION = YES;
				CLANG_WARN_CONSTANT_CONVERSION = YES;
				CLANG_WARN_DIRECT_OBJC_ISA_USAGE = YES_ERROR;
				CLANG_WARN_EMPTY_BODY = YES;
				CLANG_WARN_ENUM_CONVERSION = YES;
				CLANG_WARN_INT_CONVERSION = YES;
				CLANG_WARN_OBJC_ROOT_CLASS = YES_ERROR;
				CLANG_WARN_UNREACHABLE_CODE = YES;
				CLANG_WARN__DUPLICATE_METHOD_MATCH = YES;
				"CODE_SIGN_IDENTITY[sdk=iphoneos*]" = "iPhone Developer";
				COPY_PHASE_STRIP = NO;
				DEBUG_INFORMATION_FORMAT = "dwarf-with-dsym";
				ENABLE_NS_ASSERTIONS = NO;
				ENABLE_STRICT_OBJC_MSGSEND = YES;
				GCC_C_LANGUAGE_STANDARD = gnu99;
				GCC_NO_COMMON_BLOCKS = YES;
				GCC_WARN_64_TO_32_BIT_CONVERSION = YES;
				GCC_WARN_ABOUT_RETURN_TYPE = YES_ERROR;
				GCC_WARN_UNDECLARED_SELECTOR = YES;
				GCC_WARN_UNINITIALIZED_AUTOS = YES_AGGRESSIVE;
				GCC_WARN_UNUSED_FUNCTION = YES;
				GCC_WARN_UNUSED_VARIABLE = YES;
				IPHONEOS_DEPLOYMENT_TARGET = 8.4;
				MTL_ENABLE_DEBUG_INFO = NO;
				SDKROOT = iphoneos;
				VALIDATE_PRODUCT = YES;
			};
			name = Release;
		};
		4725E7FF1BA89B07007127E7 /* Debug */ = {
			isa = XCBuildConfiguration;
			buildSettings = {
				ASSETCATALOG_COMPILER_APPICON_NAME = AppIcon;
				INFOPLIST_FILE = Example/Info.plist;
				IPHONEOS_DEPLOYMENT_TARGET = 6.0;
				LD_RUNPATH_SEARCH_PATHS = "$(inherited) @executable_path/Frameworks";
				PRODUCT_NAME = "$(TARGET_NAME)";
			};
			name = Debug;
		};
		4725E8001BA89B07007127E7 /* Release */ = {
			isa = XCBuildConfiguration;
			buildSettings = {
				ASSETCATALOG_COMPILER_APPICON_NAME = AppIcon;
				INFOPLIST_FILE = Example/Info.plist;
				IPHONEOS_DEPLOYMENT_TARGET = 6.0;
				LD_RUNPATH_SEARCH_PATHS = "$(inherited) @executable_path/Frameworks";
				PRODUCT_NAME = "$(TARGET_NAME)";
			};
			name = Release;
		};
		4725E8021BA89B07007127E7 /* Debug */ = {
			isa = XCBuildConfiguration;
			buildSettings = {
				BUNDLE_LOADER = "$(TEST_HOST)";
				FRAMEWORK_SEARCH_PATHS = (
					"$(SDKROOT)/Developer/Library/Frameworks",
					"$(inherited)",
				);
				GCC_PREPROCESSOR_DEFINITIONS = (
					"DEBUG=1",
					"$(inherited)",
				);
				INFOPLIST_FILE = ExampleTests/Info.plist;
				LD_RUNPATH_SEARCH_PATHS = "$(inherited) @executable_path/Frameworks @loader_path/Frameworks";
				PRODUCT_NAME = "$(TARGET_NAME)";
				TEST_HOST = "$(BUILT_PRODUCTS_DIR)/Example.app/Example";
			};
			name = Debug;
		};
		4725E8031BA89B07007127E7 /* Release */ = {
			isa = XCBuildConfiguration;
			buildSettings = {
				BUNDLE_LOADER = "$(TEST_HOST)";
				FRAMEWORK_SEARCH_PATHS = (
					"$(SDKROOT)/Developer/Library/Frameworks",
					"$(inherited)",
				);
				INFOPLIST_FILE = ExampleTests/Info.plist;
				LD_RUNPATH_SEARCH_PATHS = "$(inherited) @executable_path/Frameworks @loader_path/Frameworks";
				PRODUCT_NAME = "$(TARGET_NAME)";
				TEST_HOST = "$(BUILT_PRODUCTS_DIR)/Example.app/Example";
			};
			name = Release;
		};
/* End XCBuildConfiguration section */

/* Begin XCConfigurationList section */
		4725E7D61BA89B07007127E7 /* Build configuration list for PBXProject "Example" */ = {
			isa = XCConfigurationList;
			buildConfigurations = (
				4725E7FC1BA89B07007127E7 /* Debug */,
				4725E7FD1BA89B07007127E7 /* Release */,
			);
			defaultConfigurationIsVisible = 0;
			defaultConfigurationName = Release;
		};
		4725E7FE1BA89B07007127E7 /* Build configuration list for PBXNativeTarget "Example" */ = {
			isa = XCConfigurationList;
			buildConfigurations = (
				4725E7FF1BA89B07007127E7 /* Debug */,
				4725E8001BA89B07007127E7 /* Release */,
			);
			defaultConfigurationIsVisible = 0;
			defaultConfigurationName = Release;
		};
		4725E8011BA89B07007127E7 /* Build configuration list for PBXNativeTarget "ExampleTests" */ = {
			isa = XCConfigurationList;
			buildConfigurations = (
				4725E8021BA89B07007127E7 /* Debug */,
				4725E8031BA89B07007127E7 /* Release */,
			);
			defaultConfigurationIsVisible = 0;
			defaultConfigurationName = Release;
		};
/* End XCConfigurationList section */
	};
	rootObject = 4725E7D31BA89B07007127E7 /* Project object */;
}
